
Microsoft Visual Studio Solution File, Format Version 12.00
# Visual Studio Version 16
VisualStudioVersion = 16.0.31019.35
MinimumVisualStudioVersion = 10.0.40219.1
Project("{FAE04EC0-301F-11D3-BF4B-00C04F79EFBC}") = "Lecture 1", "Lecture 1\Lecture 1.csproj", "{B183C405-A4D5-4DB4-BF87-0B93DDD4BC56}"
EndProject
Project("{FAE04EC0-301F-11D3-BF4B-00C04F79EFBC}") = "Home work 1", "Home work 1\Home work 1.csproj", "{A9C9EA2A-1CA0-40F9-968F-97516DC3CB4D}"
EndProject
Project("{FAE04EC0-301F-11D3-BF4B-00C04F79EFBC}") = "Lecture 2", "Lecture 2\Lecture 2.csproj", "{1A69035D-B5A5-4226-8568-928C24944F0D}"
EndProject
Project("{FAE04EC0-301F-11D3-BF4B-00C04F79EFBC}") = "Home work 2", "Home work 2\Home work 2.csproj", "{9F92A8ED-C9DF-4F4D-805E-6196001C14DE}"
EndProject
Project("{FAE04EC0-301F-11D3-BF4B-00C04F79EFBC}") = "Home work 3", "Home work 3\Home work 3.csproj", "{E6F1E1E0-A487-4A4A-9373-6C75BF756A49}"
EndProject
Global
	GlobalSection(SolutionConfigurationPlatforms) = preSolution
		Debug|Any CPU = Debug|Any CPU
		Release|Any CPU = Release|Any CPU
	EndGlobalSection
	GlobalSection(ProjectConfigurationPlatforms) = postSolution
		{B183C405-A4D5-4DB4-BF87-0B93DDD4BC56}.Debug|Any CPU.ActiveCfg = Debug|Any CPU
		{B183C405-A4D5-4DB4-BF87-0B93DDD4BC56}.Debug|Any CPU.Build.0 = Debug|Any CPU
		{B183C405-A4D5-4DB4-BF87-0B93DDD4BC56}.Release|Any CPU.ActiveCfg = Release|Any CPU
		{B183C405-A4D5-4DB4-BF87-0B93DDD4BC56}.Release|Any CPU.Build.0 = Release|Any CPU
		{A9C9EA2A-1CA0-40F9-968F-97516DC3CB4D}.Debug|Any CPU.ActiveCfg = Debug|Any CPU
		{A9C9EA2A-1CA0-40F9-968F-97516DC3CB4D}.Debug|Any CPU.Build.0 = Debug|Any CPU
		{A9C9EA2A-1CA0-40F9-968F-97516DC3CB4D}.Release|Any CPU.ActiveCfg = Release|Any CPU
		{A9C9EA2A-1CA0-40F9-968F-97516DC3CB4D}.Release|Any CPU.Build.0 = Release|Any CPU
		{1A69035D-B5A5-4226-8568-928C24944F0D}.Debug|Any CPU.ActiveCfg = Debug|Any CPU
		{1A69035D-B5A5-4226-8568-928C24944F0D}.Debug|Any CPU.Build.0 = Debug|Any CPU
		{1A69035D-B5A5-4226-8568-928C24944F0D}.Release|Any CPU.ActiveCfg = Release|Any CPU
		{1A69035D-B5A5-4226-8568-928C24944F0D}.Release|Any CPU.Build.0 = Release|Any CPU
		{9F92A8ED-C9DF-4F4D-805E-6196001C14DE}.Debug|Any CPU.ActiveCfg = Debug|Any CPU
		{9F92A8ED-C9DF-4F4D-805E-6196001C14DE}.Debug|Any CPU.Build.0 = Debug|Any CPU
		{9F92A8ED-C9DF-4F4D-805E-6196001C14DE}.Release|Any CPU.ActiveCfg = Release|Any CPU
		{9F92A8ED-C9DF-4F4D-805E-6196001C14DE}.Release|Any CPU.Build.0 = Release|Any CPU
		{E6F1E1E0-A487-4A4A-9373-6C75BF756A49}.Debug|Any CPU.ActiveCfg = Debug|Any CPU
		{E6F1E1E0-A487-4A4A-9373-6C75BF756A49}.Debug|Any CPU.Build.0 = Debug|Any CPU
		{E6F1E1E0-A487-4A4A-9373-6C75BF756A49}.Release|Any CPU.ActiveCfg = Release|Any CPU
		{E6F1E1E0-A487-4A4A-9373-6C75BF756A49}.Release|Any CPU.Build.0 = Release|Any CPU
	EndGlobalSection
	GlobalSection(SolutionProperties) = preSolution
		HideSolutionNode = FALSE
	EndGlobalSection
	GlobalSection(ExtensibilityGlobals) = postSolution
		SolutionGuid = {44B4E7D9-F991-420D-8D4D-0BEDFDD97DB0}
	EndGlobalSection
EndGlobal
